// !$*UTF8*$!
{
	archiveVersion = 1;
	classes = {
	};
	objectVersion = 46;
	objects = {

/* Begin PBXBuildFile section */
		5D89A0C91B07E05300A3CF80 /* AppDelegate.swift in Sources */ = {isa = PBXBuildFile; fileRef = 5D89A0C81B07E05300A3CF80 /* AppDelegate.swift */; };
		5D89A0CB1B07E05300A3CF80 /* ViewController.swift in Sources */ = {isa = PBXBuildFile; fileRef = 5D89A0CA1B07E05300A3CF80 /* ViewController.swift */; };
		5D89A0CE1B07E05300A3CF80 /* Main.storyboard in Resources */ = {isa = PBXBuildFile; fileRef = 5D89A0CC1B07E05300A3CF80 /* Main.storyboard */; };
		5D89A0D01B07E05300A3CF80 /* Images.xcassets in Resources */ = {isa = PBXBuildFile; fileRef = 5D89A0CF1B07E05300A3CF80 /* Images.xcassets */; };
		5D89A0D31B07E05300A3CF80 /* LaunchScreen.xib in Resources */ = {isa = PBXBuildFile; fileRef = 5D89A0D11B07E05300A3CF80 /* LaunchScreen.xib */; };
		5D89A0E91B07E07000A3CF80 /* FluxKit.framework in Frameworks */ = {isa = PBXBuildFile; fileRef = 5D89A0E81B07E07000A3CF80 /* FluxKit.framework */; };
		5D89A0EA1B07E07000A3CF80 /* FluxKit.framework in Embed Frameworks */ = {isa = PBXBuildFile; fileRef = 5D89A0E81B07E07000A3CF80 /* FluxKit.framework */; settings = {ATTRIBUTES = (CodeSignOnCopy, RemoveHeadersOnCopy, ); }; };
/* End PBXBuildFile section */

/* Begin PBXCopyFilesBuildPhase section */
		5D89A0EB1B07E07100A3CF80 /* Embed Frameworks */ = {
			isa = PBXCopyFilesBuildPhase;
			buildActionMask = 2147483647;
			dstPath = "";
			dstSubfolderSpec = 10;
			files = (
				5D89A0EA1B07E07000A3CF80 /* FluxKit.framework in Embed Frameworks */,
			);
			name = "Embed Frameworks";
			runOnlyForDeploymentPostprocessing = 0;
		};
/* End PBXCopyFilesBuildPhase section */

/* Begin PBXFileReference section */
		5D89A0C31B07E05300A3CF80 /* Example.app */ = {isa = PBXFileReference; explicitFileType = wrapper.application; includeInIndex = 0; path = Example.app; sourceTree = BUILT_PRODUCTS_DIR; };
		5D89A0C71B07E05300A3CF80 /* Info.plist */ = {isa = PBXFileReference; lastKnownFileType = text.plist.xml; path = Info.plist; sourceTree = "<group>"; };
		5D89A0C81B07E05300A3CF80 /* AppDelegate.swift */ = {isa = PBXFileReference; lastKnownFileType = sourcecode.swift; path = AppDelegate.swift; sourceTree = "<group>"; };
		5D89A0CA1B07E05300A3CF80 /* ViewController.swift */ = {isa = PBXFileReference; lastKnownFileType = sourcecode.swift; path = ViewController.swift; sourceTree = "<group>"; };
		5D89A0CD1B07E05300A3CF80 /* Base */ = {isa = PBXFileReference; lastKnownFileType = file.storyboard; name = Base; path = Base.lproj/Main.storyboard; sourceTree = "<group>"; };
		5D89A0CF1B07E05300A3CF80 /* Images.xcassets */ = {isa = PBXFileReference; lastKnownFileType = folder.assetcatalog; path = Images.xcassets; sourceTree = "<group>"; };
		5D89A0D21B07E05300A3CF80 /* Base */ = {isa = PBXFileReference; lastKnownFileType = file.xib; name = Base; path = Base.lproj/LaunchScreen.xib; sourceTree = "<group>"; };
		5D89A0E81B07E07000A3CF80 /* FluxKit.framework */ = {isa = PBXFileReference; explicitFileType = wrapper.framework; name = FluxKit.framework; path = "/Users/nubbel/Library/Developer/Xcode/DerivedData/FluxKit-gfouzcspnmgojfeiagjxotwvbktu/Build/Products/Debug-iphoneos/FluxKit.framework"; sourceTree = "<absolute>"; };
/* End PBXFileReference section */

/* Begin PBXFrameworksBuildPhase section */
		5D89A0C01B07E05300A3CF80 /* Frameworks */ = {
			isa = PBXFrameworksBuildPhase;
			buildActionMask = 2147483647;
			files = (
				5D89A0E91B07E07000A3CF80 /* FluxKit.framework in Frameworks */,
			);
			runOnlyForDeploymentPostprocessing = 0;
		};
/* End PBXFrameworksBuildPhase section */

/* Begin PBXGroup section */
		5D89A0BA1B07E05300A3CF80 = {
			isa = PBXGroup;
			children = (
				5D89A0C51B07E05300A3CF80 /* Example */,
				5D89A0EC1B07E08500A3CF80 /* Frameworks */,
				5D89A0C41B07E05300A3CF80 /* Products */,
			);
			sourceTree = "<group>";
		};
		5D89A0C41B07E05300A3CF80 /* Products */ = {
			isa = PBXGroup;
			children = (
				5D89A0C31B07E05300A3CF80 /* Example.app */,
			);
			name = Products;
			sourceTree = "<group>";
		};
		5D89A0C51B07E05300A3CF80 /* Example */ = {
			isa = PBXGroup;
			children = (
				5D89A0C81B07E05300A3CF80 /* AppDelegate.swift */,
				5D89A0CA1B07E05300A3CF80 /* ViewController.swift */,
				5D89A0CC1B07E05300A3CF80 /* Main.storyboard */,
				5D89A0CF1B07E05300A3CF80 /* Images.xcassets */,
				5D89A0D11B07E05300A3CF80 /* LaunchScreen.xib */,
				5D89A0C61B07E05300A3CF80 /* Supporting Files */,
			);
			path = Example;
			sourceTree = "<group>";
		};
		5D89A0C61B07E05300A3CF80 /* Supporting Files */ = {
			isa = PBXGroup;
			children = (
				5D89A0C71B07E05300A3CF80 /* Info.plist */,
			);
			name = "Supporting Files";
			sourceTree = "<group>";
		};
		5D89A0EC1B07E08500A3CF80 /* Frameworks */ = {
			isa = PBXGroup;
			children = (
				5D89A0E81B07E07000A3CF80 /* FluxKit.framework */,
			);
			name = Frameworks;
			sourceTree = "<group>";
		};
/* End PBXGroup section */

/* Begin PBXNativeTarget section */
		5D89A0C21B07E05300A3CF80 /* Example */ = {
			isa = PBXNativeTarget;
			buildConfigurationList = 5D89A0E21B07E05300A3CF80 /* Build configuration list for PBXNativeTarget "Example" */;
			buildPhases = (
				5D89A0BF1B07E05300A3CF80 /* Sources */,
				5D89A0C01B07E05300A3CF80 /* Frameworks */,
				5D89A0C11B07E05300A3CF80 /* Resources */,
				5D89A0EB1B07E07100A3CF80 /* Embed Frameworks */,
			);
			buildRules = (
			);
			dependencies = (
			);
			name = Example;
			productName = Example;
			productReference = 5D89A0C31B07E05300A3CF80 /* Example.app */;
			productType = "com.apple.product-type.application";
		};
/* End PBXNativeTarget section */

/* Begin PBXProject section */
		5D89A0BB1B07E05300A3CF80 /* Project object */ = {
			isa = PBXProject;
			attributes = {
				LastUpgradeCheck = 0630;
				ORGANIZATIONNAME = "Dominique d'Argent";
				TargetAttributes = {
					5D89A0C21B07E05300A3CF80 = {
						CreatedOnToolsVersion = 6.3.1;
					};
				};
			};
			buildConfigurationList = 5D89A0BE1B07E05300A3CF80 /* Build configuration list for PBXProject "Example" */;
			compatibilityVersion = "Xcode 3.2";
			developmentRegion = English;
			hasScannedForEncodings = 0;
			knownRegions = (
				en,
				Base,
			);
			mainGroup = 5D89A0BA1B07E05300A3CF80;
			productRefGroup = 5D89A0C41B07E05300A3CF80 /* Products */;
			projectDirPath = "";
			projectRoot = "";
			targets = (
				5D89A0C21B07E05300A3CF80 /* Example */,
			);
		};
/* End PBXProject section */

/* Begin PBXResourcesBuildPhase section */
		5D89A0C11B07E05300A3CF80 /* Resources */ = {
			isa = PBXResourcesBuildPhase;
			buildActionMask = 2147483647;
			files = (
				5D89A0CE1B07E05300A3CF80 /* Main.storyboard in Resources */,
				5D89A0D31B07E05300A3CF80 /* LaunchScreen.xib in Resources */,
				5D89A0D01B07E05300A3CF80 /* Images.xcassets in Resources */,
			);
			runOnlyForDeploymentPostprocessing = 0;
		};
/* End PBXResourcesBuildPhase section */

/* Begin PBXSourcesBuildPhase section */
		5D89A0BF1B07E05300A3CF80 /* Sources */ = {
			isa = PBXSourcesBuildPhase;
			buildActionMask = 2147483647;
			files = (
				5D89A0CB1B07E05300A3CF80 /* ViewController.swift in Sources */,
				5D89A0C91B07E05300A3CF80 /* AppDelegate.swift in Sources */,
			);
			runOnlyForDeploymentPostprocessing = 0;
		};
/* End PBXSourcesBuildPhase section */

/* Begin PBXVariantGroup section */
		5D89A0CC1B07E05300A3CF80 /* Main.storyboard */ = {
			isa = PBXVariantGroup;
			children = (
				5D89A0CD1B07E05300A3CF80 /* Base */,
			);
			name = Main.storyboard;
			sourceTree = "<group>";
		};
		5D89A0D11B07E05300A3CF80 /* LaunchScreen.xib */ = {
			isa = PBXVariantGroup;
			children = (
				5D89A0D21B07E05300A3CF80 /* Base */,
			);
			name = LaunchScreen.xib;
			sourceTree = "<group>";
		};
/* End PBXVariantGroup section */

/* Begin XCBuildConfiguration section */
		5D89A0E01B07E05300A3CF80 /* Debug */ = {
			isa = XCBuildConfiguration;
			buildSettings = {
				ALWAYS_SEARCH_USER_PATHS = NO;
				CLANG_CXX_LANGUAGE_STANDARD = "gnu++0x";
				CLANG_CXX_LIBRARY = "libc++";
				CLANG_ENABLE_MODULES = YES;
				CLANG_ENABLE_OBJC_ARC = YES;
				CLANG_WARN_BOOL_CONVERSION = YES;
				CLANG_WARN_CONSTANT_CONVERSION = YES;
				CLANG_WARN_DIRECT_OBJC_ISA_USAGE = YES_ERROR;
				CLANG_WARN_EMPTY_BODY = YES;
				CLANG_WARN_ENUM_CONVERSION = YES;
				CLANG_WARN_INT_CONVERSION = YES;
				CLANG_WARN_OBJC_ROOT_CLASS = YES_ERROR;
				CLANG_WARN_UNREACHABLE_CODE = YES;
				CLANG_WARN__DUPLICATE_METHOD_MATCH = YES;
				"CODE_SIGN_IDENTITY[sdk=iphoneos*]" = "iPhone Developer";
				COPY_PHASE_STRIP = NO;
				DEBUG_INFORMATION_FORMAT = "dwarf-with-dsym";
				ENABLE_STRICT_OBJC_MSGSEND = YES;
				GCC_C_LANGUAGE_STANDARD = gnu99;
				GCC_DYNAMIC_NO_PIC = NO;
				GCC_NO_COMMON_BLOCKS = YES;
				GCC_OPTIMIZATION_LEVEL = 0;
				GCC_PREPROCESSOR_DEFINITIONS = (
					"DEBUG=1",
					"$(inherited)",
				);
				GCC_SYMBOLS_PRIVATE_EXTERN = NO;
				GCC_WARN_64_TO_32_BIT_CONVERSION = YES;
				GCC_WARN_ABOUT_RETURN_TYPE = YES_ERROR;
				GCC_WARN_UNDECLARED_SELECTOR = YES;
				GCC_WARN_UNINITIALIZED_AUTOS = YES_AGGRESSIVE;
				GCC_WARN_UNUSED_FUNCTION = YES;
				GCC_WARN_UNUSED_VARIABLE = YES;
				IPHONEOS_DEPLOYMENT_TARGET = 8.3;
				MTL_ENABLE_DEBUG_INFO = YES;
				ONLY_ACTIVE_ARCH = YES;
				SDKROOT = iphoneos;
				SWIFT_OPTIMIZATION_LEVEL = "-Onone";
				TARGETED_DEVICE_FAMILY = "1,2";
			};
			name = Debug;
		};
		5D89A0E11B07E05300A3CF80 /* Release */ = {
			isa = XCBuildConfiguration;
			buildSettings = {
				ALWAYS_SEARCH_USER_PATHS = NO;
				CLANG_CXX_LANGUAGE_STANDARD = "gnu++0x";
				CLANG_CXX_LIBRARY = "libc++";
				CLANG_ENABLE_MODULES = YES;
				CLANG_ENABLE_OBJC_ARC = YES;
				CLANG_WARN_BOOL_CONVERSION = YES;
				CLANG_WARN_CONSTANT_CONVERSION = YES;
				CLANG_WARN_DIRECT_OBJC_ISA_USAGE = YES_ERROR;
				CLANG_WARN_EMPTY_BODY = YES;
				CLANG_WARN_ENUM_CONVERSION = YES;
				CLANG_WARN_INT_CONVERSION = YES;
				CLANG_WARN_OBJC_ROOT_CLASS = YES_ERROR;
				CLANG_WARN_UNREACHABLE_CODE = YES;
				CLANG_WARN__DUPLICATE_METHOD_MATCH = YES;
				"CODE_SIGN_IDENTITY[sdk=iphoneos*]" = "iPhone Developer";
				COPY_PHASE_STRIP = NO;
				DEBUG_INFORMATION_FORMAT = "dwarf-with-dsym";
				ENABLE_NS_ASSERTIONS = NO;
				ENABLE_STRICT_OBJC_MSGSEND = YES;
				GCC_C_LANGUAGE_STANDARD = gnu99;
				GCC_NO_COMMON_BLOCKS = YES;
				GCC_WARN_64_TO_32_BIT_CONVERSION = YES;
				GCC_WARN_ABOUT_RETURN_TYPE = YES_ERROR;
				GCC_WARN_UNDECLARED_SELECTOR = YES;
				GCC_WARN_UNINITIALIZED_AUTOS = YES_AGGRESSIVE;
				GCC_WARN_UNUSED_FUNCTION = YES;
				GCC_WARN_UNUSED_VARIABLE = YES;
				IPHONEOS_DEPLOYMENT_TARGET = 8.3;
				MTL_ENABLE_DEBUG_INFO = NO;
				SDKROOT = iphoneos;
				TARGETED_DEVICE_FAMILY = "1,2";
				VALIDATE_PRODUCT = YES;
			};
			name = Release;
		};
		5D89A0E31B07E05300A3CF80 /* Debug */ = {
			isa = XCBuildConfiguration;
			buildSettings = {
				ASSETCATALOG_COMPILER_APPICON_NAME = AppIcon;
				FRAMEWORK_SEARCH_PATHS = (
					"$(inherited)",
					"$(USER_LIBRARY_DIR)/Developer/Xcode/DerivedData/FluxKit-gfouzcspnmgojfeiagjxotwvbktu/Build/Products/Debug-iphoneos",
				);
				INFOPLIST_FILE = Example/Info.plist;
				LD_RUNPATH_SEARCH_PATHS = "$(inherited) @executable_path/Frameworks";
				PRODUCT_NAME = "$(TARGET_NAME)";
			};
			name = Debug;
		};
		5D89A0E41B07E05300A3CF80 /* Release */ = {
			isa = XCBuildConfiguration;
			buildSettings = {
				ASSETCATALOG_COMPILER_APPICON_NAME = AppIcon;
				FRAMEWORK_SEARCH_PATHS = (
					"$(inherited)",
					"$(USER_LIBRARY_DIR)/Developer/Xcode/DerivedData/FluxKit-gfouzcspnmgojfeiagjxotwvbktu/Build/Products/Debug-iphoneos",
				);
				INFOPLIST_FILE = Example/Info.plist;
				LD_RUNPATH_SEARCH_PATHS = "$(inherited) @executable_path/Frameworks";
				PRODUCT_NAME = "$(TARGET_NAME)";
			};
			name = Release;
		};
/* End XCBuildConfiguration section */

/* Begin XCConfigurationList section */
		5D89A0BE1B07E05300A3CF80 /* Build configuration list for PBXProject "Example" */ = {
			isa = XCConfigurationList;
			buildConfigurations = (
				5D89A0E01B07E05300A3CF80 /* Debug */,
				5D89A0E11B07E05300A3CF80 /* Release */,
			);
			defaultConfigurationIsVisible = 0;
			defaultConfigurationName = Release;
		};
		5D89A0E21B07E05300A3CF80 /* Build configuration list for PBXNativeTarget "Example" */ = {
			isa = XCConfigurationList;
			buildConfigurations = (
				5D89A0E31B07E05300A3CF80 /* Debug */,
				5D89A0E41B07E05300A3CF80 /* Release */,
			);
			defaultConfigurationIsVisible = 0;
			defaultConfigurationName = Release;
		};
/* End XCConfigurationList section */
	};
	rootObject = 5D89A0BB1B07E05300A3CF80 /* Project object */;
}
